
Microsoft Visual Studio Solution File, Format Version 12.00
# Visual Studio Version 17
VisualStudioVersion = 17.12.35527.113 d17.12
MinimumVisualStudioVersion = 10.0.40219.1
Project("{FAE04EC0-301F-11D3-BF4B-00C04F79EFBC}") = "ERP_System_Main", "ERP_System_Main\ERP_System_Main.csproj", "{D3C5B2A3-EFA9-4C7B-A442-179BEE504C1F}"
EndProject
Project("{FAE04EC0-301F-11D3-BF4B-00C04F79EFBC}") = "ERP_System_Unit_Test", "ERP_System_Unit_Test\ERP_System_Unit_Test.csproj", "{5C3A2536-42BF-4D6E-90B7-0A1AC49D2EEA}"
EndProject
Global
	GlobalSection(SolutionConfigurationPlatforms) = preSolution
		Debug|Any CPU = Debug|Any CPU
		Release|Any CPU = Release|Any CPU
	EndGlobalSection
	GlobalSection(ProjectConfigurationPlatforms) = postSolution
		{D3C5B2A3-EFA9-4C7B-A442-179BEE504C1F}.Debug|Any CPU.ActiveCfg = Debug|Any CPU
		{D3C5B2A3-EFA9-4C7B-A442-179BEE504C1F}.Debug|Any CPU.Build.0 = Debug|Any CPU
		{D3C5B2A3-EFA9-4C7B-A442-179BEE504C1F}.Release|Any CPU.ActiveCfg = Release|Any CPU
		{D3C5B2A3-EFA9-4C7B-A442-179BEE504C1F}.Release|Any CPU.Build.0 = Release|Any CPU
		{5C3A2536-42BF-4D6E-90B7-0A1AC49D2EEA}.Debug|Any CPU.ActiveCfg = Debug|Any CPU
		{5C3A2536-42BF-4D6E-90B7-0A1AC49D2EEA}.Debug|Any CPU.Build.0 = Debug|Any CPU
		{5C3A2536-42BF-4D6E-90B7-0A1AC49D2EEA}.Release|Any CPU.ActiveCfg = Release|Any CPU
		{5C3A2536-42BF-4D6E-90B7-0A1AC49D2EEA}.Release|Any CPU.Build.0 = Release|Any CPU
	EndGlobalSection
	GlobalSection(SolutionProperties) = preSolution
		HideSolutionNode = FALSE
	EndGlobalSection
EndGlobal
